
Microsoft Visual Studio Solution File, Format Version 12.00
# Visual Studio Version 17
VisualStudioVersion = 17.0.31903.59
MinimumVisualStudioVersion = 10.0.40219.1
Project("{2150E333-8FDC-42A3-9474-1A3956D46DE8}") = "shared", "shared", "{D97A6D86-559F-48B0-8453-0A0A00255DB7}"
EndProject
Project("{FAE04EC0-301F-11D3-BF4B-00C04F79EFBC}") = "WinPortal.Licensing", "shared\WinPortal.Licensing\WinPortal.Licensing.csproj", "{1F8A84EA-5781-435F-B408-1C2069C06E68}"
EndProject
Project("{FAE04EC0-301F-11D3-BF4B-00C04F79EFBC}") = "WinPortal.Ui", "shared\WinPortal.Ui\WinPortal.Ui.csproj", "{7B89EB65-20BE-4E69-9DF1-394007669B3C}"
EndProject
Project("{2150E333-8FDC-42A3-9474-1A3956D46DE8}") = "apps", "apps", "{306D4BB1-1D34-4150-AA10-40318D964A7F}"
EndProject
Project("{FAE04EC0-301F-11D3-BF4B-00C04F79EFBC}") = "DWGCleaner", "apps\DWGCleaner\DWGCleaner.csproj", "{FEF46552-269F-48B1-BBE2-E6D566C6AD9B}"
EndProject
Project("{FAE04EC0-301F-11D3-BF4B-00C04F79EFBC}") = "EmptyFolders", "apps\EmptyFolders\EmptyFolders.csproj", "{0A373479-59C8-4351-9A51-E9BCBDAE52D0}"
EndProject
Project("{FAE04EC0-301F-11D3-BF4B-00C04F79EFBC}") = "FirebirdAnalyzer", "apps\FirebirdAnalyzer\FirebirdAnalyzer.csproj", "{E167AFF4-BD4F-4A8F-AE93-A7EE203B3687}"
EndProject
Project("{FAE04EC0-301F-11D3-BF4B-00C04F79EFBC}") = "ImageAnalyzer", "apps\ImageAnalyzer\ImageAnalyzer.csproj", "{43EB8385-0AD7-44CF-A94A-D9E3BAD2CDFE}"
EndProject
Project("{FAE04EC0-301F-11D3-BF4B-00C04F79EFBC}") = "MDBIntegrity", "apps\MDBIntegrity\MDBIntegrity.csproj", "{C09789B3-5215-4A94-B8F3-5D77A694A04E}"
EndProject
Project("{FAE04EC0-301F-11D3-BF4B-00C04F79EFBC}") = "MySQLAnalyzer", "apps\MySQLAnalyzer\MySQLAnalyzer.csproj", "{77358F5E-103E-4499-B9A2-C587C7AD9941}"
EndProject
Project("{FAE04EC0-301F-11D3-BF4B-00C04F79EFBC}") = "OfficeCleaner", "apps\OfficeCleaner\OfficeCleaner.csproj", "{548354F2-F71A-45E1-BDD4-83DD9EA9CE41}"
EndProject
Project("{FAE04EC0-301F-11D3-BF4B-00C04F79EFBC}") = "PDFAnalyzer", "apps\PDFAnalyzer\PDFAnalyzer.csproj", "{06DC8A3E-FF91-4CEA-8C5F-CBD9C57633AB}"
EndProject
Project("{FAE04EC0-301F-11D3-BF4B-00C04F79EFBC}") = "RenameFolder", "apps\RenameFolder\RenameFolder.csproj", "{3E08985F-E359-4205-BEF0-2F40B7B8D051}"
EndProject
Project("{FAE04EC0-301F-11D3-BF4B-00C04F79EFBC}") = "SectorDBRepair", "apps\SectorDBRepair\SectorDBRepair.csproj", "{DC694CEC-A189-4CA8-9D35-FF32B0610CB3}"
EndProject
Project("{2150E333-8FDC-42A3-9474-1A3956D46DE8}") = "tests", "tests", "{35FF0996-34EF-44A6-8403-63D524BA896E}"
EndProject
Project("{FAE04EC0-301F-11D3-BF4B-00C04F79EFBC}") = "WinPortal.Licensing.Tests", "tests\WinPortal.Licensing.Tests\WinPortal.Licensing.Tests.csproj", "{C66EA580-9695-487E-BA9B-0D87E5DAA0D6}"
EndProject
Global
	GlobalSection(SolutionConfigurationPlatforms) = preSolution
		Debug|Any CPU = Debug|Any CPU
		Release|Any CPU = Release|Any CPU
	EndGlobalSection
	GlobalSection(SolutionProperties) = preSolution
		HideSolutionNode = FALSE
	EndGlobalSection
	GlobalSection(ProjectConfigurationPlatforms) = postSolution
		{1F8A84EA-5781-435F-B408-1C2069C06E68}.Debug|Any CPU.ActiveCfg = Debug|Any CPU
		{1F8A84EA-5781-435F-B408-1C2069C06E68}.Debug|Any CPU.Build.0 = Debug|Any CPU
		{1F8A84EA-5781-435F-B408-1C2069C06E68}.Release|Any CPU.ActiveCfg = Release|Any CPU
		{1F8A84EA-5781-435F-B408-1C2069C06E68}.Release|Any CPU.Build.0 = Release|Any CPU
		{7B89EB65-20BE-4E69-9DF1-394007669B3C}.Debug|Any CPU.ActiveCfg = Debug|Any CPU
		{7B89EB65-20BE-4E69-9DF1-394007669B3C}.Debug|Any CPU.Build.0 = Debug|Any CPU
		{7B89EB65-20BE-4E69-9DF1-394007669B3C}.Release|Any CPU.ActiveCfg = Release|Any CPU
		{7B89EB65-20BE-4E69-9DF1-394007669B3C}.Release|Any CPU.Build.0 = Release|Any CPU
		{FEF46552-269F-48B1-BBE2-E6D566C6AD9B}.Debug|Any CPU.ActiveCfg = Debug|Any CPU
		{FEF46552-269F-48B1-BBE2-E6D566C6AD9B}.Debug|Any CPU.Build.0 = Debug|Any CPU
		{FEF46552-269F-48B1-BBE2-E6D566C6AD9B}.Release|Any CPU.ActiveCfg = Release|Any CPU
		{FEF46552-269F-48B1-BBE2-E6D566C6AD9B}.Release|Any CPU.Build.0 = Release|Any CPU
		{0A373479-59C8-4351-9A51-E9BCBDAE52D0}.Debug|Any CPU.ActiveCfg = Debug|Any CPU
		{0A373479-59C8-4351-9A51-E9BCBDAE52D0}.Debug|Any CPU.Build.0 = Debug|Any CPU
		{0A373479-59C8-4351-9A51-E9BCBDAE52D0}.Release|Any CPU.ActiveCfg = Release|Any CPU
		{0A373479-59C8-4351-9A51-E9BCBDAE52D0}.Release|Any CPU.Build.0 = Release|Any CPU
		{E167AFF4-BD4F-4A8F-AE93-A7EE203B3687}.Debug|Any CPU.ActiveCfg = Debug|Any CPU
		{E167AFF4-BD4F-4A8F-AE93-A7EE203B3687}.Debug|Any CPU.Build.0 = Debug|Any CPU
		{E167AFF4-BD4F-4A8F-AE93-A7EE203B3687}.Release|Any CPU.ActiveCfg = Release|Any CPU
		{E167AFF4-BD4F-4A8F-AE93-A7EE203B3687}.Release|Any CPU.Build.0 = Release|Any CPU
		{43EB8385-0AD7-44CF-A94A-D9E3BAD2CDFE}.Debug|Any CPU.ActiveCfg = Debug|Any CPU
		{43EB8385-0AD7-44CF-A94A-D9E3BAD2CDFE}.Debug|Any CPU.Build.0 = Debug|Any CPU
		{43EB8385-0AD7-44CF-A94A-D9E3BAD2CDFE}.Release|Any CPU.ActiveCfg = Release|Any CPU
		{43EB8385-0AD7-44CF-A94A-D9E3BAD2CDFE}.Release|Any CPU.Build.0 = Release|Any CPU
		{C09789B3-5215-4A94-B8F3-5D77A694A04E}.Debug|Any CPU.ActiveCfg = Debug|Any CPU
		{C09789B3-5215-4A94-B8F3-5D77A694A04E}.Debug|Any CPU.Build.0 = Debug|Any CPU
		{C09789B3-5215-4A94-B8F3-5D77A694A04E}.Release|Any CPU.ActiveCfg = Release|Any CPU
		{C09789B3-5215-4A94-B8F3-5D77A694A04E}.Release|Any CPU.Build.0 = Release|Any CPU
		{77358F5E-103E-4499-B9A2-C587C7AD9941}.Debug|Any CPU.ActiveCfg = Debug|Any CPU
		{77358F5E-103E-4499-B9A2-C587C7AD9941}.Debug|Any CPU.Build.0 = Debug|Any CPU
		{77358F5E-103E-4499-B9A2-C587C7AD9941}.Release|Any CPU.ActiveCfg = Release|Any CPU
		{77358F5E-103E-4499-B9A2-C587C7AD9941}.Release|Any CPU.Build.0 = Release|Any CPU
		{548354F2-F71A-45E1-BDD4-83DD9EA9CE41}.Debug|Any CPU.ActiveCfg = Debug|Any CPU
		{548354F2-F71A-45E1-BDD4-83DD9EA9CE41}.Debug|Any CPU.Build.0 = Debug|Any CPU
		{548354F2-F71A-45E1-BDD4-83DD9EA9CE41}.Release|Any CPU.ActiveCfg = Release|Any CPU
		{548354F2-F71A-45E1-BDD4-83DD9EA9CE41}.Release|Any CPU.Build.0 = Release|Any CPU
		{06DC8A3E-FF91-4CEA-8C5F-CBD9C57633AB}.Debug|Any CPU.ActiveCfg = Debug|Any CPU
		{06DC8A3E-FF91-4CEA-8C5F-CBD9C57633AB}.Debug|Any CPU.Build.0 = Debug|Any CPU
		{06DC8A3E-FF91-4CEA-8C5F-CBD9C57633AB}.Release|Any CPU.ActiveCfg = Release|Any CPU
		{06DC8A3E-FF91-4CEA-8C5F-CBD9C57633AB}.Release|Any CPU.Build.0 = Release|Any CPU
		{3E08985F-E359-4205-BEF0-2F40B7B8D051}.Debug|Any CPU.ActiveCfg = Debug|Any CPU
		{3E08985F-E359-4205-BEF0-2F40B7B8D051}.Debug|Any CPU.Build.0 = Debug|Any CPU
		{3E08985F-E359-4205-BEF0-2F40B7B8D051}.Release|Any CPU.ActiveCfg = Release|Any CPU
		{3E08985F-E359-4205-BEF0-2F40B7B8D051}.Release|Any CPU.Build.0 = Release|Any CPU
		{DC694CEC-A189-4CA8-9D35-FF32B0610CB3}.Debug|Any CPU.ActiveCfg = Debug|Any CPU
		{DC694CEC-A189-4CA8-9D35-FF32B0610CB3}.Debug|Any CPU.Build.0 = Debug|Any CPU
		{DC694CEC-A189-4CA8-9D35-FF32B0610CB3}.Release|Any CPU.ActiveCfg = Release|Any CPU
		{DC694CEC-A189-4CA8-9D35-FF32B0610CB3}.Release|Any CPU.Build.0 = Release|Any CPU
		{C66EA580-9695-487E-BA9B-0D87E5DAA0D6}.Debug|Any CPU.ActiveCfg = Debug|Any CPU
		{C66EA580-9695-487E-BA9B-0D87E5DAA0D6}.Debug|Any CPU.Build.0 = Debug|Any CPU
		{C66EA580-9695-487E-BA9B-0D87E5DAA0D6}.Release|Any CPU.ActiveCfg = Release|Any CPU
		{C66EA580-9695-487E-BA9B-0D87E5DAA0D6}.Release|Any CPU.Build.0 = Release|Any CPU
	EndGlobalSection
	GlobalSection(NestedProjects) = preSolution
		{1F8A84EA-5781-435F-B408-1C2069C06E68} = {D97A6D86-559F-48B0-8453-0A0A00255DB7}
		{7B89EB65-20BE-4E69-9DF1-394007669B3C} = {D97A6D86-559F-48B0-8453-0A0A00255DB7}
		{FEF46552-269F-48B1-BBE2-E6D566C6AD9B} = {306D4BB1-1D34-4150-AA10-40318D964A7F}
		{0A373479-59C8-4351-9A51-E9BCBDAE52D0} = {306D4BB1-1D34-4150-AA10-40318D964A7F}
		{E167AFF4-BD4F-4A8F-AE93-A7EE203B3687} = {306D4BB1-1D34-4150-AA10-40318D964A7F}
		{43EB8385-0AD7-44CF-A94A-D9E3BAD2CDFE} = {306D4BB1-1D34-4150-AA10-40318D964A7F}
		{C09789B3-5215-4A94-B8F3-5D77A694A04E} = {306D4BB1-1D34-4150-AA10-40318D964A7F}
		{77358F5E-103E-4499-B9A2-C587C7AD9941} = {306D4BB1-1D34-4150-AA10-40318D964A7F}
		{548354F2-F71A-45E1-BDD4-83DD9EA9CE41} = {306D4BB1-1D34-4150-AA10-40318D964A7F}
		{06DC8A3E-FF91-4CEA-8C5F-CBD9C57633AB} = {306D4BB1-1D34-4150-AA10-40318D964A7F}
		{3E08985F-E359-4205-BEF0-2F40B7B8D051} = {306D4BB1-1D34-4150-AA10-40318D964A7F}
		{DC694CEC-A189-4CA8-9D35-FF32B0610CB3} = {306D4BB1-1D34-4150-AA10-40318D964A7F}
		{C66EA580-9695-487E-BA9B-0D87E5DAA0D6} = {35FF0996-34EF-44A6-8403-63D524BA896E}
	EndGlobalSection
EndGlobal
